// !$*UTF8*$!
{
	archiveVersion = 1;
	classes = {
	};
	objectVersion = 55;
	objects = {

/* Begin PBXBuildFile section */
		B74F98D929227901007D4BA1 /* main.cc in Sources */ = {isa = PBXBuildFile; fileRef = B74F98A029227901007D4BA1 /* main.cc */; };
		B74F98DA29227901007D4BA1 /* SpecificationFile.cc in Sources */ = {isa = PBXBuildFile; fileRef = B74F98A529227901007D4BA1 /* SpecificationFile.cc */; };
		B74F98DB29227901007D4BA1 /* Makefile in Sources */ = {isa = PBXBuildFile; fileRef = B74F98A629227901007D4BA1 /* Makefile */; };
		B74F98DC29227901007D4BA1 /* Solver.C in Sources */ = {isa = PBXBuildFile; fileRef = B74F98B529227901007D4BA1 /* Solver.C */; };
		B74F98DD29227901007D4BA1 /* mersenne.cc in Sources */ = {isa = PBXBuildFile; fileRef = B74F98B629227901007D4BA1 /* mersenne.cc */; };
		B74F98DE29227901007D4BA1 /* LocalSearch.cc in Sources */ = {isa = PBXBuildFile; fileRef = B74F98B829227901007D4BA1 /* LocalSearch.cc */; };
		B74F98DF29227901007D4BA1 /* SAT.C in Sources */ = {isa = PBXBuildFile; fileRef = B74F98BA29227901007D4BA1 /* SAT.C */; };
		B74F98E029227901007D4BA1 /* ConstraintFile.C in Sources */ = {isa = PBXBuildFile; fileRef = B74F98BD29227901007D4BA1 /* ConstraintFile.C */; };
		B74F98E129227901007D4BA1 /* io.cc in Sources */ = {isa = PBXBuildFile; fileRef = B74F98C029227901007D4BA1 /* io.cc */; };
		B74F98E229227901007D4BA1 /* OptionTupleSet.cc in Sources */ = {isa = PBXBuildFile; fileRef = B74F98C529227901007D4BA1 /* OptionTupleSet.cc */; };
		B74F98E329227901007D4BA1 /* acts_cmd_2.92.jar in Frameworks */ = {isa = PBXBuildFile; fileRef = B74F98C629227901007D4BA1 /* acts_cmd_2.92.jar */; };
		B74F98E429227901007D4BA1 /* TupleSet.cc in Sources */ = {isa = PBXBuildFile; fileRef = B74F98C929227901007D4BA1 /* TupleSet.cc */; };
		B74F98E529227901007D4BA1 /* ActsSolver.cc in Sources */ = {isa = PBXBuildFile; fileRef = B74F98CA29227901007D4BA1 /* ActsSolver.cc */; };
		B74F98E629227901007D4BA1 /* TestSetFile.C in Sources */ = {isa = PBXBuildFile; fileRef = B74F98CB29227901007D4BA1 /* TestSetFile.C */; };
		B74F98E729227901007D4BA1 /* Coverage.cc in Sources */ = {isa = PBXBuildFile; fileRef = B74F98CC29227901007D4BA1 /* Coverage.cc */; };
		B74F98E829227901007D4BA1 /* LineVarTupleSet.cc in Sources */ = {isa = PBXBuildFile; fileRef = B74F98CE29227901007D4BA1 /* LineVarTupleSet.cc */; };
		B74F98E929227901007D4BA1 /* CoveringArray.cc in Sources */ = {isa = PBXBuildFile; fileRef = B74F98CF29227901007D4BA1 /* CoveringArray.cc */; };
		B74F98EA29227901007D4BA1 /* Combinadic.cc in Sources */ = {isa = PBXBuildFile; fileRef = B74F98D129227901007D4BA1 /* Combinadic.cc */; };
		B74F98EB29227901007D4BA1 /* Options.cc in Sources */ = {isa = PBXBuildFile; fileRef = B74F98D429227901007D4BA1 /* Options.cc */; };
		B74F98EC29227901007D4BA1 /* PascalTriangle.cc in Sources */ = {isa = PBXBuildFile; fileRef = B74F98D829227901007D4BA1 /* PascalTriangle.cc */; };
/* End PBXBuildFile section */

/* Begin PBXCopyFilesBuildPhase section */
		B74F9893292278E0007D4BA1 /* CopyFiles */ = {
			isa = PBXCopyFilesBuildPhase;
			buildActionMask = 2147483647;
			dstPath = /usr/share/man/man1/;
			dstSubfolderSpec = 0;
			files = (
			);
			runOnlyForDeploymentPostprocessing = 1;
		};
/* End PBXCopyFilesBuildPhase section */

/* Begin PBXFileReference section */
		B74F9895292278E0007D4BA1 /* fastcah */ = {isa = PBXFileReference; explicitFileType = "compiled.mach-o.executable"; includeInIndex = 0; path = fastcah; sourceTree = BUILT_PRODUCTS_DIR; };
		B74F98A029227901007D4BA1 /* main.cc */ = {isa = PBXFileReference; fileEncoding = 4; lastKnownFileType = sourcecode.cpp.cpp; path = main.cc; sourceTree = "<group>"; };
		B74F98A129227901007D4BA1 /* Tabu.h */ = {isa = PBXFileReference; fileEncoding = 4; lastKnownFileType = sourcecode.c.h; path = Tabu.h; sourceTree = "<group>"; };
		B74F98A229227901007D4BA1 /* Valid_check.h */ = {isa = PBXFileReference; fileEncoding = 4; lastKnownFileType = sourcecode.c.h; path = Valid_check.h; sourceTree = "<group>"; };
		B74F98A329227901007D4BA1 /* LICENSE */ = {isa = PBXFileReference; fileEncoding = 4; lastKnownFileType = text; path = LICENSE; sourceTree = "<group>"; };
		B74F98A429227901007D4BA1 /* TestSetFile.H */ = {isa = PBXFileReference; fileEncoding = 4; lastKnownFileType = sourcecode.cpp.h; path = TestSetFile.H; sourceTree = "<group>"; };
		B74F98A529227901007D4BA1 /* SpecificationFile.cc */ = {isa = PBXFileReference; fileEncoding = 4; lastKnownFileType = sourcecode.cpp.cpp; path = SpecificationFile.cc; sourceTree = "<group>"; };
		B74F98A629227901007D4BA1 /* Makefile */ = {isa = PBXFileReference; fileEncoding = 4; lastKnownFileType = sourcecode.make; path = Makefile; sourceTree = "<group>"; };
		B74F98A829227901007D4BA1 /* LICENSE */ = {isa = PBXFileReference; fileEncoding = 4; lastKnownFileType = text; path = LICENSE; sourceTree = "<group>"; };
		B74F98AA29227901007D4BA1 /* Map.h */ = {isa = PBXFileReference; fileEncoding = 4; lastKnownFileType = sourcecode.c.h; path = Map.h; sourceTree = "<group>"; };
		B74F98AB29227901007D4BA1 /* Vec.h */ = {isa = PBXFileReference; fileEncoding = 4; lastKnownFileType = sourcecode.c.h; path = Vec.h; sourceTree = "<group>"; };
		B74F98AC29227901007D4BA1 /* BasicHeap.h */ = {isa = PBXFileReference; fileEncoding = 4; lastKnownFileType = sourcecode.c.h; path = BasicHeap.h; sourceTree = "<group>"; };
		B74F98AD29227901007D4BA1 /* Alg.h */ = {isa = PBXFileReference; fileEncoding = 4; lastKnownFileType = sourcecode.c.h; path = Alg.h; sourceTree = "<group>"; };
		B74F98AE29227901007D4BA1 /* Heap.h */ = {isa = PBXFileReference; fileEncoding = 4; lastKnownFileType = sourcecode.c.h; path = Heap.h; sourceTree = "<group>"; };
		B74F98AF29227901007D4BA1 /* Sort.h */ = {isa = PBXFileReference; fileEncoding = 4; lastKnownFileType = sourcecode.c.h; path = Sort.h; sourceTree = "<group>"; };
		B74F98B029227901007D4BA1 /* BoxedVec.h */ = {isa = PBXFileReference; fileEncoding = 4; lastKnownFileType = sourcecode.c.h; path = BoxedVec.h; sourceTree = "<group>"; };
		B74F98B129227901007D4BA1 /* Queue.h */ = {isa = PBXFileReference; fileEncoding = 4; lastKnownFileType = sourcecode.c.h; path = Queue.h; sourceTree = "<group>"; };
		B74F98B329227901007D4BA1 /* Solver.H */ = {isa = PBXFileReference; fileEncoding = 4; lastKnownFileType = sourcecode.cpp.h; path = Solver.H; sourceTree = "<group>"; };
		B74F98B429227901007D4BA1 /* SolverTypes.H */ = {isa = PBXFileReference; fileEncoding = 4; lastKnownFileType = sourcecode.cpp.h; path = SolverTypes.H; sourceTree = "<group>"; };
		B74F98B529227901007D4BA1 /* Solver.C */ = {isa = PBXFileReference; fileEncoding = 4; lastKnownFileType = sourcecode.cpp.cpp; path = Solver.C; sourceTree = "<group>"; };
		B74F98B629227901007D4BA1 /* mersenne.cc */ = {isa = PBXFileReference; fileEncoding = 4; lastKnownFileType = sourcecode.cpp.cpp; path = mersenne.cc; sourceTree = "<group>"; };
		B74F98B729227901007D4BA1 /* Coverage.h */ = {isa = PBXFileReference; fileEncoding = 4; lastKnownFileType = sourcecode.c.h; path = Coverage.h; sourceTree = "<group>"; };
		B74F98B829227901007D4BA1 /* LocalSearch.cc */ = {isa = PBXFileReference; fileEncoding = 4; lastKnownFileType = sourcecode.cpp.cpp; path = LocalSearch.cc; sourceTree = "<group>"; };
		B74F98B929227901007D4BA1 /* LocalSearch.h */ = {isa = PBXFileReference; fileEncoding = 4; lastKnownFileType = sourcecode.c.h; path = LocalSearch.h; sourceTree = "<group>"; };
		B74F98BA29227901007D4BA1 /* SAT.C */ = {isa = PBXFileReference; fileEncoding = 4; lastKnownFileType = sourcecode.cpp.cpp; path = SAT.C; sourceTree = "<group>"; };
		B74F98BB29227901007D4BA1 /* Options.h */ = {isa = PBXFileReference; fileEncoding = 4; lastKnownFileType = sourcecode.c.h; path = Options.h; sourceTree = "<group>"; };
		B74F98BC29227901007D4BA1 /* OptionTupleSet.h */ = {isa = PBXFileReference; fileEncoding = 4; lastKnownFileType = sourcecode.c.h; path = OptionTupleSet.h; sourceTree = "<group>"; };
		B74F98BD29227901007D4BA1 /* ConstraintFile.C */ = {isa = PBXFileReference; fileEncoding = 4; lastKnownFileType = sourcecode.cpp.cpp; path = ConstraintFile.C; sourceTree = "<group>"; };
		B74F98BE29227901007D4BA1 /* CoveringArray.h */ = {isa = PBXFileReference; fileEncoding = 4; lastKnownFileType = sourcecode.c.h; path = CoveringArray.h; sourceTree = "<group>"; };
		B74F98BF29227901007D4BA1 /* ActsSolver.h */ = {isa = PBXFileReference; fileEncoding = 4; lastKnownFileType = sourcecode.c.h; path = ActsSolver.h; sourceTree = "<group>"; };
		B74F98C029227901007D4BA1 /* io.cc */ = {isa = PBXFileReference; fileEncoding = 4; lastKnownFileType = sourcecode.cpp.cpp; path = io.cc; sourceTree = "<group>"; };
		B74F98C129227901007D4BA1 /* Combinadic.h */ = {isa = PBXFileReference; fileEncoding = 4; lastKnownFileType = sourcecode.c.h; path = Combinadic.h; sourceTree = "<group>"; };
		B74F98C229227901007D4BA1 /* SpecificationFile.h */ = {isa = PBXFileReference; fileEncoding = 4; lastKnownFileType = sourcecode.c.h; path = SpecificationFile.h; sourceTree = "<group>"; };
		B74F98C329227901007D4BA1 /* .gitignore */ = {isa = PBXFileReference; fileEncoding = 4; lastKnownFileType = text; path = .gitignore; sourceTree = "<group>"; };
		B74F98C429227901007D4BA1 /* ThreadTmpResult.h */ = {isa = PBXFileReference; fileEncoding = 4; lastKnownFileType = sourcecode.c.h; path = ThreadTmpResult.h; sourceTree = "<group>"; };
		B74F98C529227901007D4BA1 /* OptionTupleSet.cc */ = {isa = PBXFileReference; fileEncoding = 4; lastKnownFileType = sourcecode.cpp.cpp; path = OptionTupleSet.cc; sourceTree = "<group>"; };
		B74F98C629227901007D4BA1 /* acts_cmd_2.92.jar */ = {isa = PBXFileReference; lastKnownFileType = archive.jar; path = acts_cmd_2.92.jar; sourceTree = "<group>"; };
		B74F98C729227901007D4BA1 /* io.h */ = {isa = PBXFileReference; fileEncoding = 4; lastKnownFileType = sourcecode.c.h; path = io.h; sourceTree = "<group>"; };
		B74F98C829227901007D4BA1 /* mersenne.h */ = {isa = PBXFileReference; fileEncoding = 4; lastKnownFileType = sourcecode.c.h; path = mersenne.h; sourceTree = "<group>"; };
		B74F98C929227901007D4BA1 /* TupleSet.cc */ = {isa = PBXFileReference; fileEncoding = 4; lastKnownFileType = sourcecode.cpp.cpp; path = TupleSet.cc; sourceTree = "<group>"; };
		B74F98CA29227901007D4BA1 /* ActsSolver.cc */ = {isa = PBXFileReference; fileEncoding = 4; lastKnownFileType = sourcecode.cpp.cpp; path = ActsSolver.cc; sourceTree = "<group>"; };
		B74F98CB29227901007D4BA1 /* TestSetFile.C */ = {isa = PBXFileReference; fileEncoding = 4; lastKnownFileType = sourcecode.cpp.cpp; path = TestSetFile.C; sourceTree = "<group>"; };
		B74F98CC29227901007D4BA1 /* Coverage.cc */ = {isa = PBXFileReference; fileEncoding = 4; lastKnownFileType = sourcecode.cpp.cpp; path = Coverage.cc; sourceTree = "<group>"; };
		B74F98CD29227901007D4BA1 /* PascalTriangle.h */ = {isa = PBXFileReference; fileEncoding = 4; lastKnownFileType = sourcecode.c.h; path = PascalTriangle.h; sourceTree = "<group>"; };
		B74F98CE29227901007D4BA1 /* LineVarTupleSet.cc */ = {isa = PBXFileReference; fileEncoding = 4; lastKnownFileType = sourcecode.cpp.cpp; path = LineVarTupleSet.cc; sourceTree = "<group>"; };
		B74F98CF29227901007D4BA1 /* CoveringArray.cc */ = {isa = PBXFileReference; fileEncoding = 4; lastKnownFileType = sourcecode.cpp.cpp; path = CoveringArray.cc; sourceTree = "<group>"; };
		B74F98D029227901007D4BA1 /* TupleSet.h */ = {isa = PBXFileReference; fileEncoding = 4; lastKnownFileType = sourcecode.c.h; path = TupleSet.h; sourceTree = "<group>"; };
		B74F98D129227901007D4BA1 /* Combinadic.cc */ = {isa = PBXFileReference; fileEncoding = 4; lastKnownFileType = sourcecode.cpp.cpp; path = Combinadic.cc; sourceTree = "<group>"; };
		B74F98D329227901007D4BA1 /* tasks.json */ = {isa = PBXFileReference; fileEncoding = 4; lastKnownFileType = text.json; path = tasks.json; sourceTree = "<group>"; };
		B74F98D429227901007D4BA1 /* Options.cc */ = {isa = PBXFileReference; fileEncoding = 4; lastKnownFileType = sourcecode.cpp.cpp; path = Options.cc; sourceTree = "<group>"; };
		B74F98D529227901007D4BA1 /* ConstraintFile.H */ = {isa = PBXFileReference; fileEncoding = 4; lastKnownFileType = sourcecode.cpp.h; path = ConstraintFile.H; sourceTree = "<group>"; };
		B74F98D629227901007D4BA1 /* LineVarTupleSet.h */ = {isa = PBXFileReference; fileEncoding = 4; lastKnownFileType = sourcecode.c.h; path = LineVarTupleSet.h; sourceTree = "<group>"; };
		B74F98D729227901007D4BA1 /* SAT.H */ = {isa = PBXFileReference; fileEncoding = 4; lastKnownFileType = sourcecode.cpp.h; path = SAT.H; sourceTree = "<group>"; };
		B74F98D829227901007D4BA1 /* PascalTriangle.cc */ = {isa = PBXFileReference; fileEncoding = 4; lastKnownFileType = sourcecode.cpp.cpp; path = PascalTriangle.cc; sourceTree = "<group>"; };
/* End PBXFileReference section */

/* Begin PBXFrameworksBuildPhase section */
		B74F9892292278E0007D4BA1 /* Frameworks */ = {
			isa = PBXFrameworksBuildPhase;
			buildActionMask = 2147483647;
			files = (
				B74F98E329227901007D4BA1 /* acts_cmd_2.92.jar in Frameworks */,
			);
			runOnlyForDeploymentPostprocessing = 0;
		};
/* End PBXFrameworksBuildPhase section */

/* Begin PBXGroup section */
		B74F988C292278E0007D4BA1 = {
			isa = PBXGroup;
			children = (
				B74F989F29227901007D4BA1 /* fastCA */,
				B74F9896292278E0007D4BA1 /* Products */,
			);
			sourceTree = "<group>";
		};
		B74F9896292278E0007D4BA1 /* Products */ = {
			isa = PBXGroup;
			children = (
				B74F9895292278E0007D4BA1 /* fastcah */,
			);
			name = Products;
			sourceTree = "<group>";
		};
		B74F989F29227901007D4BA1 /* fastCA */ = {
			isa = PBXGroup;
			children = (
				B74F98A029227901007D4BA1 /* main.cc */,
				B74F98A129227901007D4BA1 /* Tabu.h */,
				B74F98A229227901007D4BA1 /* Valid_check.h */,
				B74F98A329227901007D4BA1 /* LICENSE */,
				B74F98A429227901007D4BA1 /* TestSetFile.H */,
				B74F98A529227901007D4BA1 /* SpecificationFile.cc */,
				B74F98A629227901007D4BA1 /* Makefile */,
				B74F98A729227901007D4BA1 /* minisat */,
				B74F98B629227901007D4BA1 /* mersenne.cc */,
				B74F98B729227901007D4BA1 /* Coverage.h */,
				B74F98B829227901007D4BA1 /* LocalSearch.cc */,
				B74F98B929227901007D4BA1 /* LocalSearch.h */,
				B74F98BA29227901007D4BA1 /* SAT.C */,
				B74F98BB29227901007D4BA1 /* Options.h */,
				B74F98BC29227901007D4BA1 /* OptionTupleSet.h */,
				B74F98BD29227901007D4BA1 /* ConstraintFile.C */,
				B74F98BE29227901007D4BA1 /* CoveringArray.h */,
				B74F98BF29227901007D4BA1 /* ActsSolver.h */,
				B74F98C029227901007D4BA1 /* io.cc */,
				B74F98C129227901007D4BA1 /* Combinadic.h */,
				B74F98C229227901007D4BA1 /* SpecificationFile.h */,
				B74F98C329227901007D4BA1 /* .gitignore */,
				B74F98C429227901007D4BA1 /* ThreadTmpResult.h */,
				B74F98C529227901007D4BA1 /* OptionTupleSet.cc */,
				B74F98C629227901007D4BA1 /* acts_cmd_2.92.jar */,
				B74F98C729227901007D4BA1 /* io.h */,
				B74F98C829227901007D4BA1 /* mersenne.h */,
				B74F98C929227901007D4BA1 /* TupleSet.cc */,
				B74F98CA29227901007D4BA1 /* ActsSolver.cc */,
				B74F98CB29227901007D4BA1 /* TestSetFile.C */,
				B74F98CC29227901007D4BA1 /* Coverage.cc */,
				B74F98CD29227901007D4BA1 /* PascalTriangle.h */,
				B74F98CE29227901007D4BA1 /* LineVarTupleSet.cc */,
				B74F98CF29227901007D4BA1 /* CoveringArray.cc */,
				B74F98D029227901007D4BA1 /* TupleSet.h */,
				B74F98D129227901007D4BA1 /* Combinadic.cc */,
				B74F98D229227901007D4BA1 /* .vscode */,
				B74F98D429227901007D4BA1 /* Options.cc */,
				B74F98D529227901007D4BA1 /* ConstraintFile.H */,
				B74F98D629227901007D4BA1 /* LineVarTupleSet.h */,
				B74F98D729227901007D4BA1 /* SAT.H */,
				B74F98D829227901007D4BA1 /* PascalTriangle.cc */,
			);
			name = fastCA;
			path = ../fastCA;
			sourceTree = "<group>";
		};
		B74F98A729227901007D4BA1 /* minisat */ = {
			isa = PBXGroup;
			children = (
				B74F98A829227901007D4BA1 /* LICENSE */,
				B74F98A929227901007D4BA1 /* include */,
				B74F98B229227901007D4BA1 /* solver */,
			);
			path = minisat;
			sourceTree = "<group>";
		};
		B74F98A929227901007D4BA1 /* include */ = {
			isa = PBXGroup;
			children = (
				B74F98AA29227901007D4BA1 /* Map.h */,
				B74F98AB29227901007D4BA1 /* Vec.h */,
				B74F98AC29227901007D4BA1 /* BasicHeap.h */,
				B74F98AD29227901007D4BA1 /* Alg.h */,
				B74F98AE29227901007D4BA1 /* Heap.h */,
				B74F98AF29227901007D4BA1 /* Sort.h */,
				B74F98B029227901007D4BA1 /* BoxedVec.h */,
				B74F98B129227901007D4BA1 /* Queue.h */,
			);
			path = include;
			sourceTree = "<group>";
		};
		B74F98B229227901007D4BA1 /* solver */ = {
			isa = PBXGroup;
			children = (
				B74F98B329227901007D4BA1 /* Solver.H */,
				B74F98B429227901007D4BA1 /* SolverTypes.H */,
				B74F98B529227901007D4BA1 /* Solver.C */,
			);
			path = solver;
			sourceTree = "<group>";
		};
		B74F98D229227901007D4BA1 /* .vscode */ = {
			isa = PBXGroup;
			children = (
				B74F98D329227901007D4BA1 /* tasks.json */,
			);
			path = .vscode;
			sourceTree = "<group>";
		};
/* End PBXGroup section */

/* Begin PBXNativeTarget section */
		B74F9894292278E0007D4BA1 /* fastcah */ = {
			isa = PBXNativeTarget;
			buildConfigurationList = B74F989C292278E0007D4BA1 /* Build configuration list for PBXNativeTarget "fastcah" */;
			buildPhases = (
				B74F9891292278E0007D4BA1 /* Sources */,
				B74F9892292278E0007D4BA1 /* Frameworks */,
				B74F9893292278E0007D4BA1 /* CopyFiles */,
			);
			buildRules = (
			);
			dependencies = (
			);
			name = fastcah;
			productName = fastcah;
			productReference = B74F9895292278E0007D4BA1 /* fastcah */;
			productType = "com.apple.product-type.tool";
		};
/* End PBXNativeTarget section */

/* Begin PBXProject section */
		B74F988D292278E0007D4BA1 /* Project object */ = {
			isa = PBXProject;
			attributes = {
				BuildIndependentTargetsInParallel = 1;
				LastUpgradeCheck = 1340;
				TargetAttributes = {
					B74F9894292278E0007D4BA1 = {
						CreatedOnToolsVersion = 13.4.1;
					};
				};
			};
			buildConfigurationList = B74F9890292278E0007D4BA1 /* Build configuration list for PBXProject "fastcah" */;
			compatibilityVersion = "Xcode 13.0";
			developmentRegion = en;
			hasScannedForEncodings = 0;
			knownRegions = (
				en,
				Base,
			);
			mainGroup = B74F988C292278E0007D4BA1;
			productRefGroup = B74F9896292278E0007D4BA1 /* Products */;
			projectDirPath = "";
			projectRoot = "";
			targets = (
				B74F9894292278E0007D4BA1 /* fastcah */,
			);
		};
/* End PBXProject section */

/* Begin PBXSourcesBuildPhase section */
		B74F9891292278E0007D4BA1 /* Sources */ = {
			isa = PBXSourcesBuildPhase;
			buildActionMask = 2147483647;
			files = (
				B74F98E929227901007D4BA1 /* CoveringArray.cc in Sources */,
				B74F98E229227901007D4BA1 /* OptionTupleSet.cc in Sources */,
				B74F98EC29227901007D4BA1 /* PascalTriangle.cc in Sources */,
				B74F98E729227901007D4BA1 /* Coverage.cc in Sources */,
				B74F98DC29227901007D4BA1 /* Solver.C in Sources */,
				B74F98E629227901007D4BA1 /* TestSetFile.C in Sources */,
				B74F98DB29227901007D4BA1 /* Makefile in Sources */,
				B74F98D929227901007D4BA1 /* main.cc in Sources */,
				B74F98DD29227901007D4BA1 /* mersenne.cc in Sources */,
				B74F98E429227901007D4BA1 /* TupleSet.cc in Sources */,
				B74F98DF29227901007D4BA1 /* SAT.C in Sources */,
				B74F98EA29227901007D4BA1 /* Combinadic.cc in Sources */,
				B74F98E829227901007D4BA1 /* LineVarTupleSet.cc in Sources */,
				B74F98DA29227901007D4BA1 /* SpecificationFile.cc in Sources */,
				B74F98E129227901007D4BA1 /* io.cc in Sources */,
				B74F98EB29227901007D4BA1 /* Options.cc in Sources */,
				B74F98E029227901007D4BA1 /* ConstraintFile.C in Sources */,
				B74F98DE29227901007D4BA1 /* LocalSearch.cc in Sources */,
				B74F98E529227901007D4BA1 /* ActsSolver.cc in Sources */,
			);
			runOnlyForDeploymentPostprocessing = 0;
		};
/* End PBXSourcesBuildPhase section */

/* Begin XCBuildConfiguration section */
		B74F989A292278E0007D4BA1 /* Debug */ = {
			isa = XCBuildConfiguration;
			buildSettings = {
				ALWAYS_SEARCH_USER_PATHS = NO;
				CLANG_ANALYZER_NONNULL = YES;
				CLANG_ANALYZER_NUMBER_OBJECT_CONVERSION = YES_AGGRESSIVE;
				CLANG_CXX_LANGUAGE_STANDARD = "gnu++17";
				CLANG_ENABLE_MODULES = YES;
				CLANG_ENABLE_OBJC_ARC = YES;
				CLANG_ENABLE_OBJC_WEAK = YES;
				CLANG_WARN_BLOCK_CAPTURE_AUTORELEASING = YES;
				CLANG_WARN_BOOL_CONVERSION = YES;
				CLANG_WARN_COMMA = YES;
				CLANG_WARN_CONSTANT_CONVERSION = YES;
				CLANG_WARN_DEPRECATED_OBJC_IMPLEMENTATIONS = YES;
				CLANG_WARN_DIRECT_OBJC_ISA_USAGE = YES_ERROR;
				CLANG_WARN_DOCUMENTATION_COMMENTS = YES;
				CLANG_WARN_EMPTY_BODY = YES;
				CLANG_WARN_ENUM_CONVERSION = YES;
				CLANG_WARN_INFINITE_RECURSION = YES;
				CLANG_WARN_INT_CONVERSION = YES;
				CLANG_WARN_NON_LITERAL_NULL_CONVERSION = YES;
				CLANG_WARN_OBJC_IMPLICIT_RETAIN_SELF = YES;
				CLANG_WARN_OBJC_LITERAL_CONVERSION = YES;
				CLANG_WARN_OBJC_ROOT_CLASS = YES_ERROR;
				CLANG_WARN_QUOTED_INCLUDE_IN_FRAMEWORK_HEADER = YES;
				CLANG_WARN_RANGE_LOOP_ANALYSIS = YES;
				CLANG_WARN_STRICT_PROTOTYPES = YES;
				CLANG_WARN_SUSPICIOUS_MOVE = YES;
				CLANG_WARN_UNGUARDED_AVAILABILITY = YES_AGGRESSIVE;
				CLANG_WARN_UNREACHABLE_CODE = YES;
				CLANG_WARN__DUPLICATE_METHOD_MATCH = YES;
				COPY_PHASE_STRIP = NO;
				DEBUG_INFORMATION_FORMAT = dwarf;
				ENABLE_STRICT_OBJC_MSGSEND = YES;
				ENABLE_TESTABILITY = YES;
				GCC_C_LANGUAGE_STANDARD = gnu11;
				GCC_DYNAMIC_NO_PIC = NO;
				GCC_NO_COMMON_BLOCKS = YES;
				GCC_OPTIMIZATION_LEVEL = 0;
				GCC_PREPROCESSOR_DEFINITIONS = (
					"DEBUG=1",
					"$(inherited)",
				);
				GCC_WARN_64_TO_32_BIT_CONVERSION = YES;
				GCC_WARN_ABOUT_RETURN_TYPE = YES_ERROR;
				GCC_WARN_UNDECLARED_SELECTOR = YES;
				GCC_WARN_UNINITIALIZED_AUTOS = YES_AGGRESSIVE;
				GCC_WARN_UNUSED_FUNCTION = YES;
				GCC_WARN_UNUSED_VARIABLE = YES;
				MACOSX_DEPLOYMENT_TARGET = 12.3;
				MTL_ENABLE_DEBUG_INFO = INCLUDE_SOURCE;
				MTL_FAST_MATH = YES;
				ONLY_ACTIVE_ARCH = YES;
				SDKROOT = macosx;
			};
			name = Debug;
		};
		B74F989B292278E0007D4BA1 /* Release */ = {
			isa = XCBuildConfiguration;
			buildSettings = {
				ALWAYS_SEARCH_USER_PATHS = NO;
				CLANG_ANALYZER_NONNULL = YES;
				CLANG_ANALYZER_NUMBER_OBJECT_CONVERSION = YES_AGGRESSIVE;
				CLANG_CXX_LANGUAGE_STANDARD = "gnu++17";
				CLANG_ENABLE_MODULES = YES;
				CLANG_ENABLE_OBJC_ARC = YES;
				CLANG_ENABLE_OBJC_WEAK = YES;
				CLANG_WARN_BLOCK_CAPTURE_AUTORELEASING = YES;
				CLANG_WARN_BOOL_CONVERSION = YES;
				CLANG_WARN_COMMA = YES;
				CLANG_WARN_CONSTANT_CONVERSION = YES;
				CLANG_WARN_DEPRECATED_OBJC_IMPLEMENTATIONS = YES;
				CLANG_WARN_DIRECT_OBJC_ISA_USAGE = YES_ERROR;
				CLANG_WARN_DOCUMENTATION_COMMENTS = YES;
				CLANG_WARN_EMPTY_BODY = YES;
				CLANG_WARN_ENUM_CONVERSION = YES;
				CLANG_WARN_INFINITE_RECURSION = YES;
				CLANG_WARN_INT_CONVERSION = YES;
				CLANG_WARN_NON_LITERAL_NULL_CONVERSION = YES;
				CLANG_WARN_OBJC_IMPLICIT_RETAIN_SELF = YES;
				CLANG_WARN_OBJC_LITERAL_CONVERSION = YES;
				CLANG_WARN_OBJC_ROOT_CLASS = YES_ERROR;
				CLANG_WARN_QUOTED_INCLUDE_IN_FRAMEWORK_HEADER = YES;
				CLANG_WARN_RANGE_LOOP_ANALYSIS = YES;
				CLANG_WARN_STRICT_PROTOTYPES = YES;
				CLANG_WARN_SUSPICIOUS_MOVE = YES;
				CLANG_WARN_UNGUARDED_AVAILABILITY = YES_AGGRESSIVE;
				CLANG_WARN_UNREACHABLE_CODE = YES;
				CLANG_WARN__DUPLICATE_METHOD_MATCH = YES;
				COPY_PHASE_STRIP = NO;
				DEBUG_INFORMATION_FORMAT = "dwarf-with-dsym";
				ENABLE_NS_ASSERTIONS = NO;
				ENABLE_STRICT_OBJC_MSGSEND = YES;
				GCC_C_LANGUAGE_STANDARD = gnu11;
				GCC_NO_COMMON_BLOCKS = YES;
				GCC_WARN_64_TO_32_BIT_CONVERSION = YES;
				GCC_WARN_ABOUT_RETURN_TYPE = YES_ERROR;
				GCC_WARN_UNDECLARED_SELECTOR = YES;
				GCC_WARN_UNINITIALIZED_AUTOS = YES_AGGRESSIVE;
				GCC_WARN_UNUSED_FUNCTION = YES;
				GCC_WARN_UNUSED_VARIABLE = YES;
				MACOSX_DEPLOYMENT_TARGET = 12.3;
				MTL_ENABLE_DEBUG_INFO = NO;
				MTL_FAST_MATH = YES;
				SDKROOT = macosx;
			};
			name = Release;
		};
		B74F989D292278E0007D4BA1 /* Debug */ = {
			isa = XCBuildConfiguration;
			buildSettings = {
				CODE_SIGN_STYLE = Automatic;
				DEVELOPMENT_TEAM = ADF55T34ZA;
				ENABLE_HARDENED_RUNTIME = YES;
				PRODUCT_NAME = "$(TARGET_NAME)";
			};
			name = Debug;
		};
		B74F989E292278E0007D4BA1 /* Release */ = {
			isa = XCBuildConfiguration;
			buildSettings = {
				CODE_SIGN_STYLE = Automatic;
				DEVELOPMENT_TEAM = ADF55T34ZA;
				ENABLE_HARDENED_RUNTIME = YES;
				PRODUCT_NAME = "$(TARGET_NAME)";
			};
			name = Release;
		};
/* End XCBuildConfiguration section */

/* Begin XCConfigurationList section */
		B74F9890292278E0007D4BA1 /* Build configuration list for PBXProject "fastcah" */ = {
			isa = XCConfigurationList;
			buildConfigurations = (
				B74F989A292278E0007D4BA1 /* Debug */,
				B74F989B292278E0007D4BA1 /* Release */,
			);
			defaultConfigurationIsVisible = 0;
			defaultConfigurationName = Release;
		};
		B74F989C292278E0007D4BA1 /* Build configuration list for PBXNativeTarget "fastcah" */ = {
			isa = XCConfigurationList;
			buildConfigurations = (
				B74F989D292278E0007D4BA1 /* Debug */,
				B74F989E292278E0007D4BA1 /* Release */,
			);
			defaultConfigurationIsVisible = 0;
			defaultConfigurationName = Release;
		};
/* End XCConfigurationList section */
	};
	rootObject = B74F988D292278E0007D4BA1 /* Project object */;
}
